
Microsoft Visual Studio Solution File, Format Version 12.00
# Visual Studio Version 18
VisualStudioVersion = 18.6.11822.322 stable
MinimumVisualStudioVersion = 10.0.40219.1
Project("{FAE04EC0-301F-11D3-BF4B-00C04F79EFBC}") = "MidiKeyPlayer", "MidiKeyPlayer.csproj", "{4BB45A81-2395-EE76-B56A-E95DD2FF74FE}"
EndProject
Global
	GlobalSection(SolutionConfigurationPlatforms) = preSolution
		Debug|Any CPU = Debug|Any CPU
		Release|Any CPU = Release|Any CPU
	EndGlobalSection
	GlobalSection(ProjectConfigurationPlatforms) = postSolution
		{4BB45A81-2395-EE76-B56A-E95DD2FF74FE}.Debug|Any CPU.ActiveCfg = Debug|Any CPU
		{4BB45A81-2395-EE76-B56A-E95DD2FF74FE}.Debug|Any CPU.Build.0 = Debug|Any CPU
		{4BB45A81-2395-EE76-B56A-E95DD2FF74FE}.Release|Any CPU.ActiveCfg = Release|Any CPU
		{4BB45A81-2395-EE76-B56A-E95DD2FF74FE}.Release|Any CPU.Build.0 = Release|Any CPU
	EndGlobalSection
	GlobalSection(SolutionProperties) = preSolution
		HideSolutionNode = FALSE
	EndGlobalSection
	GlobalSection(ExtensibilityGlobals) = postSolution
		SolutionGuid = {08DF8F92-C51D-4F5A-AB91-54446146A286}
	EndGlobalSection
EndGlobal
